
Microsoft Visual Studio Solution File, Format Version 12.00
# Visual Studio Version 16
VisualStudioVersion = 16.0.31729.503
MinimumVisualStudioVersion = 10.0.40219.1
Project("{9A19103F-16F7-4668-BE54-9A1E7A4F7556}") = "EmployeeDataManager", "EmployeeDataManager.csproj", "{1ED305CE-ADD1-4C7A-93B9-2CE4E3E34053}"
EndProject
Global
	GlobalSection(SolutionConfigurationPlatforms) = preSolution
		Debug|Any CPU = Debug|Any CPU
		Release|Any CPU = Release|Any CPU
	EndGlobalSection
	GlobalSection(ProjectConfigurationPlatforms) = postSolution
		{1ED305CE-ADD1-4C7A-93B9-2CE4E3E34053}.Debug|Any CPU.ActiveCfg = Debug|Any CPU
		{1ED305CE-ADD1-4C7A-93B9-2CE4E3E34053}.Debug|Any CPU.Build.0 = Debug|Any CPU
		{1ED305CE-ADD1-4C7A-93B9-2CE4E3E34053}.Release|Any CPU.ActiveCfg = Release|Any CPU
		{1ED305CE-ADD1-4C7A-93B9-2CE4E3E34053}.Release|Any CPU.Build.0 = Release|Any CPU
	EndGlobalSection
	GlobalSection(SolutionProperties) = preSolution
		HideSolutionNode = FALSE
	EndGlobalSection
	GlobalSection(ExtensibilityGlobals) = postSolution
		SolutionGuid = {BABDC624-9E4A-4BA6-BEA1-3469C7089810}
	EndGlobalSection
EndGlobal
